{
  "name": "smp-college-notice-board",
  "version": "1.0.0",
  "description": "A modern, full-featured college notice board web application built with vanilla HTML, CSS, and JavaScript",
  "main": "index.html",
  "scripts": {
    "start": "python -m http.server 8000",
    "serve": "npx serve .",
    "dev": "python -m http.server 8000",
    "preview": "python -m http.server 8000"
  },
  "keywords": [
    "notice-board",
    "college",
    "education",
    "vanilla-js",
    "responsive",
    "offline-first",
    "cloud-sync"
  ],
  "author": "SMP College Development Team",
  "license": "MIT",
  "dependencies": {},
  "devDependencies": {},
  "engines": {
    "node": ">=14.0.0"
  },
  "browserslist": [
    "Chrome >= 88",
    "Firefox >= 87",
    "Safari >= 14",
    "Edge >= 88"
  ],
  "repository": {
    "type": "git",
    "url": "https://github.com/smp-college/notice-board.git"
  },
  "bugs": {
    "url": "https://github.com/smp-college/notice-board/issues"
  },
  "homepage": "https://smp-college.github.io/notice-board"
}